
Microsoft Visual Studio Solution File, Format Version 12.00
# Visual Studio 2013
VisualStudioVersion = 12.0.31101.0
MinimumVisualStudioVersion = 10.0.40219.1
Project("{FAE04EC0-301F-11D3-BF4B-00C04F79EFBC}") = "Cryptopals", "Cryptopals\Cryptopals.csproj", "{365B9FC1-86B4-4626-B4FB-1FE415E3E63E}"
EndProject
Project("{FAE04EC0-301F-11D3-BF4B-00C04F79EFBC}") = "TestCryptopals", "TestCryptopals\TestCryptopals.csproj", "{2BD94442-4B4E-4F5A-AC8E-7749F4AD1BB7}"
EndProject
Global
	GlobalSection(SolutionConfigurationPlatforms) = preSolution
		Debug|Any CPU = Debug|Any CPU
		Release|Any CPU = Release|Any CPU
	EndGlobalSection
	GlobalSection(ProjectConfigurationPlatforms) = postSolution
		{365B9FC1-86B4-4626-B4FB-1FE415E3E63E}.Debug|Any CPU.ActiveCfg = Debug|Any CPU
		{365B9FC1-86B4-4626-B4FB-1FE415E3E63E}.Debug|Any CPU.Build.0 = Debug|Any CPU
		{365B9FC1-86B4-4626-B4FB-1FE415E3E63E}.Release|Any CPU.ActiveCfg = Release|Any CPU
		{365B9FC1-86B4-4626-B4FB-1FE415E3E63E}.Release|Any CPU.Build.0 = Release|Any CPU
		{2BD94442-4B4E-4F5A-AC8E-7749F4AD1BB7}.Debug|Any CPU.ActiveCfg = Debug|Any CPU
		{2BD94442-4B4E-4F5A-AC8E-7749F4AD1BB7}.Debug|Any CPU.Build.0 = Debug|Any CPU
		{2BD94442-4B4E-4F5A-AC8E-7749F4AD1BB7}.Release|Any CPU.ActiveCfg = Release|Any CPU
		{2BD94442-4B4E-4F5A-AC8E-7749F4AD1BB7}.Release|Any CPU.Build.0 = Release|Any CPU
	EndGlobalSection
	GlobalSection(SolutionProperties) = preSolution
		HideSolutionNode = FALSE
	EndGlobalSection
EndGlobal
